
Microsoft Visual Studio Solution File, Format Version 12.00
# Visual Studio 15
VisualStudioVersion = 15.0.27703.2018
MinimumVisualStudioVersion = 10.0.40219.1
Project("{FAE04EC0-301F-11D3-BF4B-00C04F79EFBC}") = "trig", "trig\trig.csproj", "{7D84D9EB-DE09-4F2B-8FCF-3C3A8E7DBBA0}"
EndProject
Global
	GlobalSection(SolutionConfigurationPlatforms) = preSolution
		Debug|Any CPU = Debug|Any CPU
		Release|Any CPU = Release|Any CPU
	EndGlobalSection
	GlobalSection(ProjectConfigurationPlatforms) = postSolution
		{7D84D9EB-DE09-4F2B-8FCF-3C3A8E7DBBA0}.Debug|Any CPU.ActiveCfg = Debug|Any CPU
		{7D84D9EB-DE09-4F2B-8FCF-3C3A8E7DBBA0}.Debug|Any CPU.Build.0 = Debug|Any CPU
		{7D84D9EB-DE09-4F2B-8FCF-3C3A8E7DBBA0}.Release|Any CPU.ActiveCfg = Release|Any CPU
		{7D84D9EB-DE09-4F2B-8FCF-3C3A8E7DBBA0}.Release|Any CPU.Build.0 = Release|Any CPU
	EndGlobalSection
	GlobalSection(SolutionProperties) = preSolution
		HideSolutionNode = FALSE
	EndGlobalSection
	GlobalSection(ExtensibilityGlobals) = postSolution
		SolutionGuid = {66D705D1-022B-468E-A958-BDCB7CF8A888}
	EndGlobalSection
EndGlobal
